Microsoft Visual Studio Solution File, Format Version 12.00
# Visual Studio Version 17
VisualStudioVersion = 17.5.2.0
MinimumVisualStudioVersion = 10.0.40219.1
Project("{2150E333-8FDC-42A3-9474-1A3956D46DE8}") = "Fase 1", "Fase 1", "{138C3DC4-A858-109A-582E-C8698C5DFDA6}"
EndProject
Project("{FAE04EC0-301F-11D3-BF4B-00C04F79EFBC}") = "AutoGestPro", "Fase 1\AutoGestPro\AutoGestPro.csproj", "{B618D7B1-E6A1-A656-F33B-6DE0B56EF10E}"
EndProject
Global
	GlobalSection(SolutionConfigurationPlatforms) = preSolution
		Debug|Any CPU = Debug|Any CPU
		Release|Any CPU = Release|Any CPU
	EndGlobalSection
	GlobalSection(ProjectConfigurationPlatforms) = postSolution
		{B618D7B1-E6A1-A656-F33B-6DE0B56EF10E}.Debug|Any CPU.ActiveCfg = Debug|Any CPU
		{B618D7B1-E6A1-A656-F33B-6DE0B56EF10E}.Debug|Any CPU.Build.0 = Debug|Any CPU
		{B618D7B1-E6A1-A656-F33B-6DE0B56EF10E}.Release|Any CPU.ActiveCfg = Release|Any CPU
		{B618D7B1-E6A1-A656-F33B-6DE0B56EF10E}.Release|Any CPU.Build.0 = Release|Any CPU
	EndGlobalSection
	GlobalSection(SolutionProperties) = preSolution
		HideSolutionNode = FALSE
	EndGlobalSection
	GlobalSection(NestedProjects) = preSolution
		{B618D7B1-E6A1-A656-F33B-6DE0B56EF10E} = {138C3DC4-A858-109A-582E-C8698C5DFDA6}
	EndGlobalSection
	GlobalSection(ExtensibilityGlobals) = postSolution
		SolutionGuid = {5B425FAE-F5AB-4D3B-989D-496E01FDA800}
	EndGlobalSection
EndGlobal
